Microsoft Visual Studio Solution File, Format Version 11.00
# Visual Studio 2008

Project("{AA8F4F4C-71DC-4C71-188F-FBE567C2CE86}") = "Game Play 3.0", "Assembly-CSharp.csproj", "{DBB23CBF-EB0D-21AB-AC5D-A86548421BB2}"
EndProject
Project("{AA8F4F4C-71DC-4C71-188F-FBE567C2CE86}") = "Game Play 3.0", "Assembly-CSharp-Editor.csproj", "{4715498B-0C4B-FEEC-64BA-E6B11DF45A8D}"
EndProject
Project("{AA8F4F4C-71DC-4C71-188F-FBE567C2CE86}") = "Game Play 3.0", "Assembly-UnityScript.unityproj", "{96BD1846-140E-CB01-A3CD-77872CD8A6CE}"
EndProject
Global
	GlobalSection(SolutionConfigurationPlatforms) = preSolution
		Debug|Any CPU = Debug|Any CPU
		Release|Any CPU = Release|Any CPU
	EndGlobalSection
	GlobalSection(ProjectConfigurationPlatforms) = postSolution
		{DBB23CBF-EB0D-21AB-AC5D-A86548421BB2}.Debug|Any CPU.ActiveCfg = Debug|Any CPU
		{DBB23CBF-EB0D-21AB-AC5D-A86548421BB2}.Debug|Any CPU.Build.0 = Debug|Any CPU
		{DBB23CBF-EB0D-21AB-AC5D-A86548421BB2}.Release|Any CPU.ActiveCfg = Release|Any CPU
		{DBB23CBF-EB0D-21AB-AC5D-A86548421BB2}.Release|Any CPU.Build.0 = Release|Any CPU
		{4715498B-0C4B-FEEC-64BA-E6B11DF45A8D}.Debug|Any CPU.ActiveCfg = Debug|Any CPU
		{4715498B-0C4B-FEEC-64BA-E6B11DF45A8D}.Debug|Any CPU.Build.0 = Debug|Any CPU
		{4715498B-0C4B-FEEC-64BA-E6B11DF45A8D}.Release|Any CPU.ActiveCfg = Release|Any CPU
		{4715498B-0C4B-FEEC-64BA-E6B11DF45A8D}.Release|Any CPU.Build.0 = Release|Any CPU
		{96BD1846-140E-CB01-A3CD-77872CD8A6CE}.Debug|Any CPU.ActiveCfg = Debug|Any CPU
		{96BD1846-140E-CB01-A3CD-77872CD8A6CE}.Debug|Any CPU.Build.0 = Debug|Any CPU
		{96BD1846-140E-CB01-A3CD-77872CD8A6CE}.Release|Any CPU.ActiveCfg = Release|Any CPU
		{96BD1846-140E-CB01-A3CD-77872CD8A6CE}.Release|Any CPU.Build.0 = Release|Any CPU
	EndGlobalSection
	GlobalSection(SolutionProperties) = preSolution
		HideSolutionNode = FALSE
	EndGlobalSection
				GlobalSection(MonoDevelopProperties) = preSolution
		StartupItem = Assembly-CSharp.csproj
		Policies = $0
		$0.TextStylePolicy = $1
		$1.inheritsSet = null
		$1.scope = text/x-csharp
		$0.CSharpFormattingPolicy = $2
		$2.inheritsSet = Mono
		$2.inheritsScope = text/x-csharp
		$2.scope = text/x-csharp
		$0.TextStylePolicy = $3
		$3.FileWidth = 120
		$3.TabWidth = 4
		$3.EolMarker = Unix
		$3.inheritsSet = Mono
		$3.inheritsScope = text/plain
		$3.scope = text/plain
	EndGlobalSection

EndGlobal
