Microsoft Visual Studio Solution File, Format Version 11.00
# Visual Studio 2008

Project("{D57D1256-11FF-B969-5831-49585C5D5CB0}") = "Game Play 2.1", "Assembly-CSharp.csproj", "{1BB78F47-2DB8-FE72-3F21-C05B93515882}"
EndProject
Project("{D57D1256-11FF-B969-5831-49585C5D5CB0}") = "Game Play 2.1", "Assembly-CSharp-Editor.csproj", "{A4DEDF5B-F646-F4ED-1637-02C63B8CADF8}"
EndProject
Project("{D57D1256-11FF-B969-5831-49585C5D5CB0}") = "Game Play 2.1", "Assembly-UnityScript.unityproj", "{01A2B812-E24A-7752-84EC-8BA562F028A4}"
EndProject
Global
	GlobalSection(SolutionConfigurationPlatforms) = preSolution
		Debug|Any CPU = Debug|Any CPU
		Release|Any CPU = Release|Any CPU
	EndGlobalSection
	GlobalSection(ProjectConfigurationPlatforms) = postSolution
		{1BB78F47-2DB8-FE72-3F21-C05B93515882}.Debug|Any CPU.ActiveCfg = Debug|Any CPU
		{1BB78F47-2DB8-FE72-3F21-C05B93515882}.Debug|Any CPU.Build.0 = Debug|Any CPU
		{1BB78F47-2DB8-FE72-3F21-C05B93515882}.Release|Any CPU.ActiveCfg = Release|Any CPU
		{1BB78F47-2DB8-FE72-3F21-C05B93515882}.Release|Any CPU.Build.0 = Release|Any CPU
		{A4DEDF5B-F646-F4ED-1637-02C63B8CADF8}.Debug|Any CPU.ActiveCfg = Debug|Any CPU
		{A4DEDF5B-F646-F4ED-1637-02C63B8CADF8}.Debug|Any CPU.Build.0 = Debug|Any CPU
		{A4DEDF5B-F646-F4ED-1637-02C63B8CADF8}.Release|Any CPU.ActiveCfg = Release|Any CPU
		{A4DEDF5B-F646-F4ED-1637-02C63B8CADF8}.Release|Any CPU.Build.0 = Release|Any CPU
		{01A2B812-E24A-7752-84EC-8BA562F028A4}.Debug|Any CPU.ActiveCfg = Debug|Any CPU
		{01A2B812-E24A-7752-84EC-8BA562F028A4}.Debug|Any CPU.Build.0 = Debug|Any CPU
		{01A2B812-E24A-7752-84EC-8BA562F028A4}.Release|Any CPU.ActiveCfg = Release|Any CPU
		{01A2B812-E24A-7752-84EC-8BA562F028A4}.Release|Any CPU.Build.0 = Release|Any CPU
	EndGlobalSection
	GlobalSection(SolutionProperties) = preSolution
		HideSolutionNode = FALSE
	EndGlobalSection
	GlobalSection(MonoDevelopProperties) = preSolution
		StartupItem = Assembly-CSharp.csproj
		Policies = $0
		$0.TextStylePolicy = $1
		$1.inheritsSet = null
		$1.scope = text/x-csharp
		$0.CSharpFormattingPolicy = $2
		$2.inheritsSet = Mono
		$2.inheritsScope = text/x-csharp
		$2.scope = text/x-csharp
		$0.TextStylePolicy = $3
		$3.FileWidth = 120
		$3.TabWidth = 4
		$3.EolMarker = Unix
		$3.inheritsSet = Mono
		$3.inheritsScope = text/plain
		$3.scope = text/plain
	EndGlobalSection
EndGlobal
